
Microsoft Visual Studio Solution File, Format Version 12.00
# Visual Studio Version 16
VisualStudioVersion = 16.0.29409.12
MinimumVisualStudioVersion = 10.0.40219.1
Project("{FAE04EC0-301F-11D3-BF4B-00C04F79EFBC}") = "HybridWebView", "HybridWebView\HybridWebView.csproj", "{868B22CE-27A1-4104-9618-FF55B298012E}"
EndProject
Global
	GlobalSection(SolutionConfigurationPlatforms) = preSolution
		Debug|Any CPU = Debug|Any CPU
		Release|Any CPU = Release|Any CPU
	EndGlobalSection
	GlobalSection(ProjectConfigurationPlatforms) = postSolution
		{868B22CE-27A1-4104-9618-FF55B298012E}.Debug|Any CPU.ActiveCfg = Debug|Any CPU
		{868B22CE-27A1-4104-9618-FF55B298012E}.Debug|Any CPU.Build.0 = Debug|Any CPU
		{868B22CE-27A1-4104-9618-FF55B298012E}.Release|Any CPU.ActiveCfg = Release|Any CPU
		{868B22CE-27A1-4104-9618-FF55B298012E}.Release|Any CPU.Build.0 = Release|Any CPU
	EndGlobalSection
	GlobalSection(SolutionProperties) = preSolution
		HideSolutionNode = FALSE
	EndGlobalSection
	GlobalSection(ExtensibilityGlobals) = postSolution
		SolutionGuid = {AF0907A3-C78A-4EDC-848C-69DB1B736016}
	EndGlobalSection
EndGlobal
