
Microsoft Visual Studio Solution File, Format Version 12.00
# Visual Studio Version 16
VisualStudioVersion = 16.0.29409.12
MinimumVisualStudioVersion = 10.0.40219.1
Project("{9A19103F-16F7-4668-BE54-9A1E7A4F7556}") = "HybridWebView", "HybridWebView\HybridWebView.csproj", "{868B22CE-27A1-4104-9618-FF55B298012E}"
EndProject
Project("{FAE04EC0-301F-11D3-BF4B-00C04F79EFBC}") = "SampleApp", "SampleApp\SampleApp\SampleApp.csproj", "{F70BF7D2-9E52-41BF-8DE3-E2A740501C2D}"
EndProject
Project("{FAE04EC0-301F-11D3-BF4B-00C04F79EFBC}") = "SampleApp.Android", "SampleApp\SampleApp.Android\SampleApp.Android.csproj", "{F82ED1FD-7EE7-44AF-ABC6-690FC3BA9F6F}"
EndProject
Project("{FAE04EC0-301F-11D3-BF4B-00C04F79EFBC}") = "SampleApp.iOS", "SampleApp\SampleApp.iOS\SampleApp.iOS.csproj", "{2E70A9BB-1515-4881-8675-D8CFEAF5BE57}"
EndProject
Project("{FAE04EC0-301F-11D3-BF4B-00C04F79EFBC}") = "SampleApp.UWP", "SampleApp\SampleApp.UWP\SampleApp.UWP.csproj", "{D9D26A8B-BAB8-4902-9F6E-2734F5BB6D7D}"
EndProject
Project("{2150E333-8FDC-42A3-9474-1A3956D46DE8}") = "SampleUsageApp", "SampleUsageApp", "{0A5A15C4-AE0C-4872-B0AC-7D466F54D52A}"
EndProject
Global
	GlobalSection(SolutionConfigurationPlatforms) = preSolution
		Ad-Hoc|Any CPU = Ad-Hoc|Any CPU
		Ad-Hoc|ARM = Ad-Hoc|ARM
		Ad-Hoc|iPhone = Ad-Hoc|iPhone
		Ad-Hoc|iPhoneSimulator = Ad-Hoc|iPhoneSimulator
		Ad-Hoc|x64 = Ad-Hoc|x64
		Ad-Hoc|x86 = Ad-Hoc|x86
		AppStore|Any CPU = AppStore|Any CPU
		AppStore|ARM = AppStore|ARM
		AppStore|iPhone = AppStore|iPhone
		AppStore|iPhoneSimulator = AppStore|iPhoneSimulator
		AppStore|x64 = AppStore|x64
		AppStore|x86 = AppStore|x86
		Debug|Any CPU = Debug|Any CPU
		Debug|ARM = Debug|ARM
		Debug|iPhone = Debug|iPhone
		Debug|iPhoneSimulator = Debug|iPhoneSimulator
		Debug|x64 = Debug|x64
		Debug|x86 = Debug|x86
		Release|Any CPU = Release|Any CPU
		Release|ARM = Release|ARM
		Release|iPhone = Release|iPhone
		Release|iPhoneSimulator = Release|iPhoneSimulator
		Release|x64 = Release|x64
		Release|x86 = Release|x86
	EndGlobalSection
	GlobalSection(ProjectConfigurationPlatforms) = postSolution
		{868B22CE-27A1-4104-9618-FF55B298012E}.Ad-Hoc|Any CPU.ActiveCfg = Release|Any CPU
		{868B22CE-27A1-4104-9618-FF55B298012E}.Ad-Hoc|Any CPU.Build.0 = Release|Any CPU
		{868B22CE-27A1-4104-9618-FF55B298012E}.Ad-Hoc|ARM.ActiveCfg = Release|Any CPU
		{868B22CE-27A1-4104-9618-FF55B298012E}.Ad-Hoc|ARM.Build.0 = Release|Any CPU
		{868B22CE-27A1-4104-9618-FF55B298012E}.Ad-Hoc|iPhone.ActiveCfg = Release|Any CPU
		{868B22CE-27A1-4104-9618-FF55B298012E}.Ad-Hoc|iPhone.Build.0 = Release|Any CPU
		{868B22CE-27A1-4104-9618-FF55B298012E}.Ad-Hoc|iPhoneSimulator.ActiveCfg = Release|Any CPU
		{868B22CE-27A1-4104-9618-FF55B298012E}.Ad-Hoc|iPhoneSimulator.Build.0 = Release|Any CPU
		{868B22CE-27A1-4104-9618-FF55B298012E}.Ad-Hoc|x64.ActiveCfg = Release|Any CPU
		{868B22CE-27A1-4104-9618-FF55B298012E}.Ad-Hoc|x64.Build.0 = Release|Any CPU
		{868B22CE-27A1-4104-9618-FF55B298012E}.Ad-Hoc|x86.ActiveCfg = Release|Any CPU
		{868B22CE-27A1-4104-9618-FF55B298012E}.Ad-Hoc|x86.Build.0 = Release|Any CPU
		{868B22CE-27A1-4104-9618-FF55B298012E}.AppStore|Any CPU.ActiveCfg = Release|Any CPU
		{868B22CE-27A1-4104-9618-FF55B298012E}.AppStore|Any CPU.Build.0 = Release|Any CPU
		{868B22CE-27A1-4104-9618-FF55B298012E}.AppStore|ARM.ActiveCfg = Release|Any CPU
		{868B22CE-27A1-4104-9618-FF55B298012E}.AppStore|ARM.Build.0 = Release|Any CPU
		{868B22CE-27A1-4104-9618-FF55B298012E}.AppStore|iPhone.ActiveCfg = Release|Any CPU
		{868B22CE-27A1-4104-9618-FF55B298012E}.AppStore|iPhone.Build.0 = Release|Any CPU
		{868B22CE-27A1-4104-9618-FF55B298012E}.AppStore|iPhoneSimulator.ActiveCfg = Release|Any CPU
		{868B22CE-27A1-4104-9618-FF55B298012E}.AppStore|iPhoneSimulator.Build.0 = Release|Any CPU
		{868B22CE-27A1-4104-9618-FF55B298012E}.AppStore|x64.ActiveCfg = Release|Any CPU
		{868B22CE-27A1-4104-9618-FF55B298012E}.AppStore|x64.Build.0 = Release|Any CPU
		{868B22CE-27A1-4104-9618-FF55B298012E}.AppStore|x86.ActiveCfg = Release|Any CPU
		{868B22CE-27A1-4104-9618-FF55B298012E}.AppStore|x86.Build.0 = Release|Any CPU
		{868B22CE-27A1-4104-9618-FF55B298012E}.Debug|Any CPU.ActiveCfg = Debug|Any CPU
		{868B22CE-27A1-4104-9618-FF55B298012E}.Debug|Any CPU.Build.0 = Debug|Any CPU
		{868B22CE-27A1-4104-9618-FF55B298012E}.Debug|ARM.ActiveCfg = Debug|Any CPU
		{868B22CE-27A1-4104-9618-FF55B298012E}.Debug|ARM.Build.0 = Debug|Any CPU
		{868B22CE-27A1-4104-9618-FF55B298012E}.Debug|iPhone.ActiveCfg = Debug|Any CPU
		{868B22CE-27A1-4104-9618-FF55B298012E}.Debug|iPhone.Build.0 = Debug|Any CPU
		{868B22CE-27A1-4104-9618-FF55B298012E}.Debug|iPhoneSimulator.ActiveCfg = Debug|Any CPU
		{868B22CE-27A1-4104-9618-FF55B298012E}.Debug|iPhoneSimulator.Build.0 = Debug|Any CPU
		{868B22CE-27A1-4104-9618-FF55B298012E}.Debug|x64.ActiveCfg = Debug|Any CPU
		{868B22CE-27A1-4104-9618-FF55B298012E}.Debug|x64.Build.0 = Debug|Any CPU
		{868B22CE-27A1-4104-9618-FF55B298012E}.Debug|x86.ActiveCfg = Debug|Any CPU
		{868B22CE-27A1-4104-9618-FF55B298012E}.Debug|x86.Build.0 = Debug|Any CPU
		{868B22CE-27A1-4104-9618-FF55B298012E}.Release|Any CPU.ActiveCfg = Release|Any CPU
		{868B22CE-27A1-4104-9618-FF55B298012E}.Release|Any CPU.Build.0 = Release|Any CPU
		{868B22CE-27A1-4104-9618-FF55B298012E}.Release|ARM.ActiveCfg = Release|Any CPU
		{868B22CE-27A1-4104-9618-FF55B298012E}.Release|ARM.Build.0 = Release|Any CPU
		{868B22CE-27A1-4104-9618-FF55B298012E}.Release|iPhone.ActiveCfg = Release|Any CPU
		{868B22CE-27A1-4104-9618-FF55B298012E}.Release|iPhone.Build.0 = Release|Any CPU
		{868B22CE-27A1-4104-9618-FF55B298012E}.Release|iPhoneSimulator.ActiveCfg = Release|Any CPU
		{868B22CE-27A1-4104-9618-FF55B298012E}.Release|iPhoneSimulator.Build.0 = Release|Any CPU
		{868B22CE-27A1-4104-9618-FF55B298012E}.Release|x64.ActiveCfg = Release|Any CPU
		{868B22CE-27A1-4104-9618-FF55B298012E}.Release|x64.Build.0 = Release|Any CPU
		{868B22CE-27A1-4104-9618-FF55B298012E}.Release|x86.ActiveCfg = Release|Any CPU
		{868B22CE-27A1-4104-9618-FF55B298012E}.Release|x86.Build.0 = Release|Any CPU
		{F70BF7D2-9E52-41BF-8DE3-E2A740501C2D}.Ad-Hoc|Any CPU.ActiveCfg = Debug|Any CPU
		{F70BF7D2-9E52-41BF-8DE3-E2A740501C2D}.Ad-Hoc|Any CPU.Build.0 = Debug|Any CPU
		{F70BF7D2-9E52-41BF-8DE3-E2A740501C2D}.Ad-Hoc|ARM.ActiveCfg = Debug|Any CPU
		{F70BF7D2-9E52-41BF-8DE3-E2A740501C2D}.Ad-Hoc|ARM.Build.0 = Debug|Any CPU
		{F70BF7D2-9E52-41BF-8DE3-E2A740501C2D}.Ad-Hoc|iPhone.ActiveCfg = Debug|Any CPU
		{F70BF7D2-9E52-41BF-8DE3-E2A740501C2D}.Ad-Hoc|iPhone.Build.0 = Debug|Any CPU
		{F70BF7D2-9E52-41BF-8DE3-E2A740501C2D}.Ad-Hoc|iPhoneSimulator.ActiveCfg = Debug|Any CPU
		{F70BF7D2-9E52-41BF-8DE3-E2A740501C2D}.Ad-Hoc|iPhoneSimulator.Build.0 = Debug|Any CPU
		{F70BF7D2-9E52-41BF-8DE3-E2A740501C2D}.Ad-Hoc|x64.ActiveCfg = Debug|Any CPU
		{F70BF7D2-9E52-41BF-8DE3-E2A740501C2D}.Ad-Hoc|x64.Build.0 = Debug|Any CPU
		{F70BF7D2-9E52-41BF-8DE3-E2A740501C2D}.Ad-Hoc|x86.ActiveCfg = Debug|Any CPU
		{F70BF7D2-9E52-41BF-8DE3-E2A740501C2D}.Ad-Hoc|x86.Build.0 = Debug|Any CPU
		{F70BF7D2-9E52-41BF-8DE3-E2A740501C2D}.AppStore|Any CPU.ActiveCfg = Debug|Any CPU
		{F70BF7D2-9E52-41BF-8DE3-E2A740501C2D}.AppStore|Any CPU.Build.0 = Debug|Any CPU
		{F70BF7D2-9E52-41BF-8DE3-E2A740501C2D}.AppStore|ARM.ActiveCfg = Debug|Any CPU
		{F70BF7D2-9E52-41BF-8DE3-E2A740501C2D}.AppStore|ARM.Build.0 = Debug|Any CPU
		{F70BF7D2-9E52-41BF-8DE3-E2A740501C2D}.AppStore|iPhone.ActiveCfg = Debug|Any CPU
		{F70BF7D2-9E52-41BF-8DE3-E2A740501C2D}.AppStore|iPhone.Build.0 = Debug|Any CPU
		{F70BF7D2-9E52-41BF-8DE3-E2A740501C2D}.AppStore|iPhoneSimulator.ActiveCfg = Debug|Any CPU
		{F70BF7D2-9E52-41BF-8DE3-E2A740501C2D}.AppStore|iPhoneSimulator.Build.0 = Debug|Any CPU
		{F70BF7D2-9E52-41BF-8DE3-E2A740501C2D}.AppStore|x64.ActiveCfg = Debug|Any CPU
		{F70BF7D2-9E52-41BF-8DE3-E2A740501C2D}.AppStore|x64.Build.0 = Debug|Any CPU
		{F70BF7D2-9E52-41BF-8DE3-E2A740501C2D}.AppStore|x86.ActiveCfg = Debug|Any CPU
		{F70BF7D2-9E52-41BF-8DE3-E2A740501C2D}.AppStore|x86.Build.0 = Debug|Any CPU
		{F70BF7D2-9E52-41BF-8DE3-E2A740501C2D}.Debug|Any CPU.ActiveCfg = Debug|Any CPU
		{F70BF7D2-9E52-41BF-8DE3-E2A740501C2D}.Debug|Any CPU.Build.0 = Debug|Any CPU
		{F70BF7D2-9E52-41BF-8DE3-E2A740501C2D}.Debug|ARM.ActiveCfg = Debug|Any CPU
		{F70BF7D2-9E52-41BF-8DE3-E2A740501C2D}.Debug|ARM.Build.0 = Debug|Any CPU
		{F70BF7D2-9E52-41BF-8DE3-E2A740501C2D}.Debug|iPhone.ActiveCfg = Debug|Any CPU
		{F70BF7D2-9E52-41BF-8DE3-E2A740501C2D}.Debug|iPhone.Build.0 = Debug|Any CPU
		{F70BF7D2-9E52-41BF-8DE3-E2A740501C2D}.Debug|iPhoneSimulator.ActiveCfg = Debug|Any CPU
		{F70BF7D2-9E52-41BF-8DE3-E2A740501C2D}.Debug|iPhoneSimulator.Build.0 = Debug|Any CPU
		{F70BF7D2-9E52-41BF-8DE3-E2A740501C2D}.Debug|x64.ActiveCfg = Debug|Any CPU
		{F70BF7D2-9E52-41BF-8DE3-E2A740501C2D}.Debug|x64.Build.0 = Debug|Any CPU
		{F70BF7D2-9E52-41BF-8DE3-E2A740501C2D}.Debug|x86.ActiveCfg = Debug|Any CPU
		{F70BF7D2-9E52-41BF-8DE3-E2A740501C2D}.Debug|x86.Build.0 = Debug|Any CPU
		{F70BF7D2-9E52-41BF-8DE3-E2A740501C2D}.Release|Any CPU.ActiveCfg = Release|Any CPU
		{F70BF7D2-9E52-41BF-8DE3-E2A740501C2D}.Release|Any CPU.Build.0 = Release|Any CPU
		{F70BF7D2-9E52-41BF-8DE3-E2A740501C2D}.Release|ARM.ActiveCfg = Release|Any CPU
		{F70BF7D2-9E52-41BF-8DE3-E2A740501C2D}.Release|ARM.Build.0 = Release|Any CPU
		{F70BF7D2-9E52-41BF-8DE3-E2A740501C2D}.Release|iPhone.ActiveCfg = Release|Any CPU
		{F70BF7D2-9E52-41BF-8DE3-E2A740501C2D}.Release|iPhone.Build.0 = Release|Any CPU
		{F70BF7D2-9E52-41BF-8DE3-E2A740501C2D}.Release|iPhoneSimulator.ActiveCfg = Release|Any CPU
		{F70BF7D2-9E52-41BF-8DE3-E2A740501C2D}.Release|iPhoneSimulator.Build.0 = Release|Any CPU
		{F70BF7D2-9E52-41BF-8DE3-E2A740501C2D}.Release|x64.ActiveCfg = Release|Any CPU
		{F70BF7D2-9E52-41BF-8DE3-E2A740501C2D}.Release|x64.Build.0 = Release|Any CPU
		{F70BF7D2-9E52-41BF-8DE3-E2A740501C2D}.Release|x86.ActiveCfg = Release|Any CPU
		{F70BF7D2-9E52-41BF-8DE3-E2A740501C2D}.Release|x86.Build.0 = Release|Any CPU
		{F82ED1FD-7EE7-44AF-ABC6-690FC3BA9F6F}.Ad-Hoc|Any CPU.ActiveCfg = Release|Any CPU
		{F82ED1FD-7EE7-44AF-ABC6-690FC3BA9F6F}.Ad-Hoc|Any CPU.Build.0 = Release|Any CPU
		{F82ED1FD-7EE7-44AF-ABC6-690FC3BA9F6F}.Ad-Hoc|Any CPU.Deploy.0 = Release|Any CPU
		{F82ED1FD-7EE7-44AF-ABC6-690FC3BA9F6F}.Ad-Hoc|ARM.ActiveCfg = Release|Any CPU
		{F82ED1FD-7EE7-44AF-ABC6-690FC3BA9F6F}.Ad-Hoc|ARM.Build.0 = Release|Any CPU
		{F82ED1FD-7EE7-44AF-ABC6-690FC3BA9F6F}.Ad-Hoc|ARM.Deploy.0 = Release|Any CPU
		{F82ED1FD-7EE7-44AF-ABC6-690FC3BA9F6F}.Ad-Hoc|iPhone.ActiveCfg = Release|Any CPU
		{F82ED1FD-7EE7-44AF-ABC6-690FC3BA9F6F}.Ad-Hoc|iPhone.Build.0 = Release|Any CPU
		{F82ED1FD-7EE7-44AF-ABC6-690FC3BA9F6F}.Ad-Hoc|iPhone.Deploy.0 = Release|Any CPU
		{F82ED1FD-7EE7-44AF-ABC6-690FC3BA9F6F}.Ad-Hoc|iPhoneSimulator.ActiveCfg = Release|Any CPU
		{F82ED1FD-7EE7-44AF-ABC6-690FC3BA9F6F}.Ad-Hoc|iPhoneSimulator.Build.0 = Release|Any CPU
		{F82ED1FD-7EE7-44AF-ABC6-690FC3BA9F6F}.Ad-Hoc|iPhoneSimulator.Deploy.0 = Release|Any CPU
		{F82ED1FD-7EE7-44AF-ABC6-690FC3BA9F6F}.Ad-Hoc|x64.ActiveCfg = Release|Any CPU
		{F82ED1FD-7EE7-44AF-ABC6-690FC3BA9F6F}.Ad-Hoc|x64.Build.0 = Release|Any CPU
		{F82ED1FD-7EE7-44AF-ABC6-690FC3BA9F6F}.Ad-Hoc|x64.Deploy.0 = Release|Any CPU
		{F82ED1FD-7EE7-44AF-ABC6-690FC3BA9F6F}.Ad-Hoc|x86.ActiveCfg = Release|Any CPU
		{F82ED1FD-7EE7-44AF-ABC6-690FC3BA9F6F}.Ad-Hoc|x86.Build.0 = Release|Any CPU
		{F82ED1FD-7EE7-44AF-ABC6-690FC3BA9F6F}.Ad-Hoc|x86.Deploy.0 = Release|Any CPU
		{F82ED1FD-7EE7-44AF-ABC6-690FC3BA9F6F}.AppStore|Any CPU.ActiveCfg = Release|Any CPU
		{F82ED1FD-7EE7-44AF-ABC6-690FC3BA9F6F}.AppStore|Any CPU.Build.0 = Release|Any CPU
		{F82ED1FD-7EE7-44AF-ABC6-690FC3BA9F6F}.AppStore|Any CPU.Deploy.0 = Release|Any CPU
		{F82ED1FD-7EE7-44AF-ABC6-690FC3BA9F6F}.AppStore|ARM.ActiveCfg = Release|Any CPU
		{F82ED1FD-7EE7-44AF-ABC6-690FC3BA9F6F}.AppStore|ARM.Build.0 = Release|Any CPU
		{F82ED1FD-7EE7-44AF-ABC6-690FC3BA9F6F}.AppStore|ARM.Deploy.0 = Release|Any CPU
		{F82ED1FD-7EE7-44AF-ABC6-690FC3BA9F6F}.AppStore|iPhone.ActiveCfg = Release|Any CPU
		{F82ED1FD-7EE7-44AF-ABC6-690FC3BA9F6F}.AppStore|iPhone.Build.0 = Release|Any CPU
		{F82ED1FD-7EE7-44AF-ABC6-690FC3BA9F6F}.AppStore|iPhone.Deploy.0 = Release|Any CPU
		{F82ED1FD-7EE7-44AF-ABC6-690FC3BA9F6F}.AppStore|iPhoneSimulator.ActiveCfg = Release|Any CPU
		{F82ED1FD-7EE7-44AF-ABC6-690FC3BA9F6F}.AppStore|iPhoneSimulator.Build.0 = Release|Any CPU
		{F82ED1FD-7EE7-44AF-ABC6-690FC3BA9F6F}.AppStore|iPhoneSimulator.Deploy.0 = Release|Any CPU
		{F82ED1FD-7EE7-44AF-ABC6-690FC3BA9F6F}.AppStore|x64.ActiveCfg = Release|Any CPU
		{F82ED1FD-7EE7-44AF-ABC6-690FC3BA9F6F}.AppStore|x64.Build.0 = Release|Any CPU
		{F82ED1FD-7EE7-44AF-ABC6-690FC3BA9F6F}.AppStore|x64.Deploy.0 = Release|Any CPU
		{F82ED1FD-7EE7-44AF-ABC6-690FC3BA9F6F}.AppStore|x86.ActiveCfg = Release|Any CPU
		{F82ED1FD-7EE7-44AF-ABC6-690FC3BA9F6F}.AppStore|x86.Build.0 = Release|Any CPU
		{F82ED1FD-7EE7-44AF-ABC6-690FC3BA9F6F}.AppStore|x86.Deploy.0 = Release|Any CPU
		{F82ED1FD-7EE7-44AF-ABC6-690FC3BA9F6F}.Debug|Any CPU.ActiveCfg = Debug|Any CPU
		{F82ED1FD-7EE7-44AF-ABC6-690FC3BA9F6F}.Debug|Any CPU.Build.0 = Debug|Any CPU
		{F82ED1FD-7EE7-44AF-ABC6-690FC3BA9F6F}.Debug|Any CPU.Deploy.0 = Debug|Any CPU
		{F82ED1FD-7EE7-44AF-ABC6-690FC3BA9F6F}.Debug|ARM.ActiveCfg = Debug|Any CPU
		{F82ED1FD-7EE7-44AF-ABC6-690FC3BA9F6F}.Debug|ARM.Build.0 = Debug|Any CPU
		{F82ED1FD-7EE7-44AF-ABC6-690FC3BA9F6F}.Debug|ARM.Deploy.0 = Debug|Any CPU
		{F82ED1FD-7EE7-44AF-ABC6-690FC3BA9F6F}.Debug|iPhone.ActiveCfg = Debug|Any CPU
		{F82ED1FD-7EE7-44AF-ABC6-690FC3BA9F6F}.Debug|iPhone.Build.0 = Debug|Any CPU
		{F82ED1FD-7EE7-44AF-ABC6-690FC3BA9F6F}.Debug|iPhone.Deploy.0 = Debug|Any CPU
		{F82ED1FD-7EE7-44AF-ABC6-690FC3BA9F6F}.Debug|iPhoneSimulator.ActiveCfg = Debug|Any CPU
		{F82ED1FD-7EE7-44AF-ABC6-690FC3BA9F6F}.Debug|iPhoneSimulator.Build.0 = Debug|Any CPU
		{F82ED1FD-7EE7-44AF-ABC6-690FC3BA9F6F}.Debug|iPhoneSimulator.Deploy.0 = Debug|Any CPU
		{F82ED1FD-7EE7-44AF-ABC6-690FC3BA9F6F}.Debug|x64.ActiveCfg = Debug|Any CPU
		{F82ED1FD-7EE7-44AF-ABC6-690FC3BA9F6F}.Debug|x64.Build.0 = Debug|Any CPU
		{F82ED1FD-7EE7-44AF-ABC6-690FC3BA9F6F}.Debug|x64.Deploy.0 = Debug|Any CPU
		{F82ED1FD-7EE7-44AF-ABC6-690FC3BA9F6F}.Debug|x86.ActiveCfg = Debug|Any CPU
		{F82ED1FD-7EE7-44AF-ABC6-690FC3BA9F6F}.Debug|x86.Build.0 = Debug|Any CPU
		{F82ED1FD-7EE7-44AF-ABC6-690FC3BA9F6F}.Debug|x86.Deploy.0 = Debug|Any CPU
		{F82ED1FD-7EE7-44AF-ABC6-690FC3BA9F6F}.Release|Any CPU.ActiveCfg = Release|Any CPU
		{F82ED1FD-7EE7-44AF-ABC6-690FC3BA9F6F}.Release|Any CPU.Build.0 = Release|Any CPU
		{F82ED1FD-7EE7-44AF-ABC6-690FC3BA9F6F}.Release|Any CPU.Deploy.0 = Release|Any CPU
		{F82ED1FD-7EE7-44AF-ABC6-690FC3BA9F6F}.Release|ARM.ActiveCfg = Release|Any CPU
		{F82ED1FD-7EE7-44AF-ABC6-690FC3BA9F6F}.Release|ARM.Build.0 = Release|Any CPU
		{F82ED1FD-7EE7-44AF-ABC6-690FC3BA9F6F}.Release|ARM.Deploy.0 = Release|Any CPU
		{F82ED1FD-7EE7-44AF-ABC6-690FC3BA9F6F}.Release|iPhone.ActiveCfg = Release|Any CPU
		{F82ED1FD-7EE7-44AF-ABC6-690FC3BA9F6F}.Release|iPhone.Build.0 = Release|Any CPU
		{F82ED1FD-7EE7-44AF-ABC6-690FC3BA9F6F}.Release|iPhone.Deploy.0 = Release|Any CPU
		{F82ED1FD-7EE7-44AF-ABC6-690FC3BA9F6F}.Release|iPhoneSimulator.ActiveCfg = Release|Any CPU
		{F82ED1FD-7EE7-44AF-ABC6-690FC3BA9F6F}.Release|iPhoneSimulator.Build.0 = Release|Any CPU
		{F82ED1FD-7EE7-44AF-ABC6-690FC3BA9F6F}.Release|iPhoneSimulator.Deploy.0 = Release|Any CPU
		{F82ED1FD-7EE7-44AF-ABC6-690FC3BA9F6F}.Release|x64.ActiveCfg = Release|Any CPU
		{F82ED1FD-7EE7-44AF-ABC6-690FC3BA9F6F}.Release|x64.Build.0 = Release|Any CPU
		{F82ED1FD-7EE7-44AF-ABC6-690FC3BA9F6F}.Release|x64.Deploy.0 = Release|Any CPU
		{F82ED1FD-7EE7-44AF-ABC6-690FC3BA9F6F}.Release|x86.ActiveCfg = Release|Any CPU
		{F82ED1FD-7EE7-44AF-ABC6-690FC3BA9F6F}.Release|x86.Build.0 = Release|Any CPU
		{F82ED1FD-7EE7-44AF-ABC6-690FC3BA9F6F}.Release|x86.Deploy.0 = Release|Any CPU
		{2E70A9BB-1515-4881-8675-D8CFEAF5BE57}.Ad-Hoc|Any CPU.ActiveCfg = Ad-Hoc|iPhone
		{2E70A9BB-1515-4881-8675-D8CFEAF5BE57}.Ad-Hoc|ARM.ActiveCfg = Ad-Hoc|iPhone
		{2E70A9BB-1515-4881-8675-D8CFEAF5BE57}.Ad-Hoc|iPhone.ActiveCfg = Ad-Hoc|iPhone
		{2E70A9BB-1515-4881-8675-D8CFEAF5BE57}.Ad-Hoc|iPhone.Build.0 = Ad-Hoc|iPhone
		{2E70A9BB-1515-4881-8675-D8CFEAF5BE57}.Ad-Hoc|iPhoneSimulator.ActiveCfg = Ad-Hoc|iPhoneSimulator
		{2E70A9BB-1515-4881-8675-D8CFEAF5BE57}.Ad-Hoc|iPhoneSimulator.Build.0 = Ad-Hoc|iPhoneSimulator
		{2E70A9BB-1515-4881-8675-D8CFEAF5BE57}.Ad-Hoc|x64.ActiveCfg = Ad-Hoc|iPhone
		{2E70A9BB-1515-4881-8675-D8CFEAF5BE57}.Ad-Hoc|x86.ActiveCfg = Ad-Hoc|iPhone
		{2E70A9BB-1515-4881-8675-D8CFEAF5BE57}.AppStore|Any CPU.ActiveCfg = AppStore|iPhone
		{2E70A9BB-1515-4881-8675-D8CFEAF5BE57}.AppStore|ARM.ActiveCfg = AppStore|iPhone
		{2E70A9BB-1515-4881-8675-D8CFEAF5BE57}.AppStore|iPhone.ActiveCfg = AppStore|iPhone
		{2E70A9BB-1515-4881-8675-D8CFEAF5BE57}.AppStore|iPhone.Build.0 = AppStore|iPhone
		{2E70A9BB-1515-4881-8675-D8CFEAF5BE57}.AppStore|iPhoneSimulator.ActiveCfg = AppStore|iPhoneSimulator
		{2E70A9BB-1515-4881-8675-D8CFEAF5BE57}.AppStore|iPhoneSimulator.Build.0 = AppStore|iPhoneSimulator
		{2E70A9BB-1515-4881-8675-D8CFEAF5BE57}.AppStore|x64.ActiveCfg = AppStore|iPhone
		{2E70A9BB-1515-4881-8675-D8CFEAF5BE57}.AppStore|x86.ActiveCfg = AppStore|iPhone
		{2E70A9BB-1515-4881-8675-D8CFEAF5BE57}.Debug|Any CPU.ActiveCfg = Debug|iPhone
		{2E70A9BB-1515-4881-8675-D8CFEAF5BE57}.Debug|ARM.ActiveCfg = Debug|iPhone
		{2E70A9BB-1515-4881-8675-D8CFEAF5BE57}.Debug|iPhone.ActiveCfg = Debug|iPhone
		{2E70A9BB-1515-4881-8675-D8CFEAF5BE57}.Debug|iPhone.Build.0 = Debug|iPhone
		{2E70A9BB-1515-4881-8675-D8CFEAF5BE57}.Debug|iPhoneSimulator.ActiveCfg = Debug|iPhoneSimulator
		{2E70A9BB-1515-4881-8675-D8CFEAF5BE57}.Debug|iPhoneSimulator.Build.0 = Debug|iPhoneSimulator
		{2E70A9BB-1515-4881-8675-D8CFEAF5BE57}.Debug|x64.ActiveCfg = Debug|iPhone
		{2E70A9BB-1515-4881-8675-D8CFEAF5BE57}.Debug|x86.ActiveCfg = Debug|iPhone
		{2E70A9BB-1515-4881-8675-D8CFEAF5BE57}.Release|Any CPU.ActiveCfg = Release|iPhone
		{2E70A9BB-1515-4881-8675-D8CFEAF5BE57}.Release|ARM.ActiveCfg = Release|iPhone
		{2E70A9BB-1515-4881-8675-D8CFEAF5BE57}.Release|iPhone.ActiveCfg = Release|iPhone
		{2E70A9BB-1515-4881-8675-D8CFEAF5BE57}.Release|iPhone.Build.0 = Release|iPhone
		{2E70A9BB-1515-4881-8675-D8CFEAF5BE57}.Release|iPhoneSimulator.ActiveCfg = Release|iPhoneSimulator
		{2E70A9BB-1515-4881-8675-D8CFEAF5BE57}.Release|iPhoneSimulator.Build.0 = Release|iPhoneSimulator
		{2E70A9BB-1515-4881-8675-D8CFEAF5BE57}.Release|x64.ActiveCfg = Release|iPhone
		{2E70A9BB-1515-4881-8675-D8CFEAF5BE57}.Release|x86.ActiveCfg = Release|iPhone
		{D9D26A8B-BAB8-4902-9F6E-2734F5BB6D7D}.Ad-Hoc|Any CPU.ActiveCfg = Release|x86
		{D9D26A8B-BAB8-4902-9F6E-2734F5BB6D7D}.Ad-Hoc|Any CPU.Build.0 = Release|x86
		{D9D26A8B-BAB8-4902-9F6E-2734F5BB6D7D}.Ad-Hoc|Any CPU.Deploy.0 = Release|x86
		{D9D26A8B-BAB8-4902-9F6E-2734F5BB6D7D}.Ad-Hoc|ARM.ActiveCfg = Release|ARM
		{D9D26A8B-BAB8-4902-9F6E-2734F5BB6D7D}.Ad-Hoc|ARM.Build.0 = Release|ARM
		{D9D26A8B-BAB8-4902-9F6E-2734F5BB6D7D}.Ad-Hoc|ARM.Deploy.0 = Release|ARM
		{D9D26A8B-BAB8-4902-9F6E-2734F5BB6D7D}.Ad-Hoc|iPhone.ActiveCfg = Release|x86
		{D9D26A8B-BAB8-4902-9F6E-2734F5BB6D7D}.Ad-Hoc|iPhone.Build.0 = Release|x86
		{D9D26A8B-BAB8-4902-9F6E-2734F5BB6D7D}.Ad-Hoc|iPhone.Deploy.0 = Release|x86
		{D9D26A8B-BAB8-4902-9F6E-2734F5BB6D7D}.Ad-Hoc|iPhoneSimulator.ActiveCfg = Release|x86
		{D9D26A8B-BAB8-4902-9F6E-2734F5BB6D7D}.Ad-Hoc|iPhoneSimulator.Build.0 = Release|x86
		{D9D26A8B-BAB8-4902-9F6E-2734F5BB6D7D}.Ad-Hoc|iPhoneSimulator.Deploy.0 = Release|x86
		{D9D26A8B-BAB8-4902-9F6E-2734F5BB6D7D}.Ad-Hoc|x64.ActiveCfg = Release|x64
		{D9D26A8B-BAB8-4902-9F6E-2734F5BB6D7D}.Ad-Hoc|x64.Build.0 = Release|x64
		{D9D26A8B-BAB8-4902-9F6E-2734F5BB6D7D}.Ad-Hoc|x64.Deploy.0 = Release|x64
		{D9D26A8B-BAB8-4902-9F6E-2734F5BB6D7D}.Ad-Hoc|x86.ActiveCfg = Release|x86
		{D9D26A8B-BAB8-4902-9F6E-2734F5BB6D7D}.Ad-Hoc|x86.Build.0 = Release|x86
		{D9D26A8B-BAB8-4902-9F6E-2734F5BB6D7D}.Ad-Hoc|x86.Deploy.0 = Release|x86
		{D9D26A8B-BAB8-4902-9F6E-2734F5BB6D7D}.AppStore|Any CPU.ActiveCfg = Release|x86
		{D9D26A8B-BAB8-4902-9F6E-2734F5BB6D7D}.AppStore|Any CPU.Build.0 = Release|x86
		{D9D26A8B-BAB8-4902-9F6E-2734F5BB6D7D}.AppStore|Any CPU.Deploy.0 = Release|x86
		{D9D26A8B-BAB8-4902-9F6E-2734F5BB6D7D}.AppStore|ARM.ActiveCfg = Release|ARM
		{D9D26A8B-BAB8-4902-9F6E-2734F5BB6D7D}.AppStore|ARM.Build.0 = Release|ARM
		{D9D26A8B-BAB8-4902-9F6E-2734F5BB6D7D}.AppStore|ARM.Deploy.0 = Release|ARM
		{D9D26A8B-BAB8-4902-9F6E-2734F5BB6D7D}.AppStore|iPhone.ActiveCfg = Release|x86
		{D9D26A8B-BAB8-4902-9F6E-2734F5BB6D7D}.AppStore|iPhone.Build.0 = Release|x86
		{D9D26A8B-BAB8-4902-9F6E-2734F5BB6D7D}.AppStore|iPhone.Deploy.0 = Release|x86
		{D9D26A8B-BAB8-4902-9F6E-2734F5BB6D7D}.AppStore|iPhoneSimulator.ActiveCfg = Release|x86
		{D9D26A8B-BAB8-4902-9F6E-2734F5BB6D7D}.AppStore|iPhoneSimulator.Build.0 = Release|x86
		{D9D26A8B-BAB8-4902-9F6E-2734F5BB6D7D}.AppStore|iPhoneSimulator.Deploy.0 = Release|x86
		{D9D26A8B-BAB8-4902-9F6E-2734F5BB6D7D}.AppStore|x64.ActiveCfg = Release|x64
		{D9D26A8B-BAB8-4902-9F6E-2734F5BB6D7D}.AppStore|x64.Build.0 = Release|x64
		{D9D26A8B-BAB8-4902-9F6E-2734F5BB6D7D}.AppStore|x64.Deploy.0 = Release|x64
		{D9D26A8B-BAB8-4902-9F6E-2734F5BB6D7D}.AppStore|x86.ActiveCfg = Release|x86
		{D9D26A8B-BAB8-4902-9F6E-2734F5BB6D7D}.AppStore|x86.Build.0 = Release|x86
		{D9D26A8B-BAB8-4902-9F6E-2734F5BB6D7D}.AppStore|x86.Deploy.0 = Release|x86
		{D9D26A8B-BAB8-4902-9F6E-2734F5BB6D7D}.Debug|Any CPU.ActiveCfg = Debug|x86
		{D9D26A8B-BAB8-4902-9F6E-2734F5BB6D7D}.Debug|ARM.ActiveCfg = Debug|ARM
		{D9D26A8B-BAB8-4902-9F6E-2734F5BB6D7D}.Debug|ARM.Build.0 = Debug|ARM
		{D9D26A8B-BAB8-4902-9F6E-2734F5BB6D7D}.Debug|ARM.Deploy.0 = Debug|ARM
		{D9D26A8B-BAB8-4902-9F6E-2734F5BB6D7D}.Debug|iPhone.ActiveCfg = Debug|x86
		{D9D26A8B-BAB8-4902-9F6E-2734F5BB6D7D}.Debug|iPhoneSimulator.ActiveCfg = Debug|x86
		{D9D26A8B-BAB8-4902-9F6E-2734F5BB6D7D}.Debug|x64.ActiveCfg = Debug|x64
		{D9D26A8B-BAB8-4902-9F6E-2734F5BB6D7D}.Debug|x64.Build.0 = Debug|x64
		{D9D26A8B-BAB8-4902-9F6E-2734F5BB6D7D}.Debug|x64.Deploy.0 = Debug|x64
		{D9D26A8B-BAB8-4902-9F6E-2734F5BB6D7D}.Debug|x86.ActiveCfg = Debug|x86
		{D9D26A8B-BAB8-4902-9F6E-2734F5BB6D7D}.Debug|x86.Build.0 = Debug|x86
		{D9D26A8B-BAB8-4902-9F6E-2734F5BB6D7D}.Debug|x86.Deploy.0 = Debug|x86
		{D9D26A8B-BAB8-4902-9F6E-2734F5BB6D7D}.Release|Any CPU.ActiveCfg = Release|x86
		{D9D26A8B-BAB8-4902-9F6E-2734F5BB6D7D}.Release|ARM.ActiveCfg = Release|ARM
		{D9D26A8B-BAB8-4902-9F6E-2734F5BB6D7D}.Release|ARM.Build.0 = Release|ARM
		{D9D26A8B-BAB8-4902-9F6E-2734F5BB6D7D}.Release|ARM.Deploy.0 = Release|ARM
		{D9D26A8B-BAB8-4902-9F6E-2734F5BB6D7D}.Release|iPhone.ActiveCfg = Release|x86
		{D9D26A8B-BAB8-4902-9F6E-2734F5BB6D7D}.Release|iPhoneSimulator.ActiveCfg = Release|x86
		{D9D26A8B-BAB8-4902-9F6E-2734F5BB6D7D}.Release|x64.ActiveCfg = Release|x64
		{D9D26A8B-BAB8-4902-9F6E-2734F5BB6D7D}.Release|x64.Build.0 = Release|x64
		{D9D26A8B-BAB8-4902-9F6E-2734F5BB6D7D}.Release|x64.Deploy.0 = Release|x64
		{D9D26A8B-BAB8-4902-9F6E-2734F5BB6D7D}.Release|x86.ActiveCfg = Release|x86
		{D9D26A8B-BAB8-4902-9F6E-2734F5BB6D7D}.Release|x86.Build.0 = Release|x86
		{D9D26A8B-BAB8-4902-9F6E-2734F5BB6D7D}.Release|x86.Deploy.0 = Release|x86
	EndGlobalSection
	GlobalSection(SolutionProperties) = preSolution
		HideSolutionNode = FALSE
	EndGlobalSection
	GlobalSection(NestedProjects) = preSolution
		{F70BF7D2-9E52-41BF-8DE3-E2A740501C2D} = {0A5A15C4-AE0C-4872-B0AC-7D466F54D52A}
		{F82ED1FD-7EE7-44AF-ABC6-690FC3BA9F6F} = {0A5A15C4-AE0C-4872-B0AC-7D466F54D52A}
		{2E70A9BB-1515-4881-8675-D8CFEAF5BE57} = {0A5A15C4-AE0C-4872-B0AC-7D466F54D52A}
		{D9D26A8B-BAB8-4902-9F6E-2734F5BB6D7D} = {0A5A15C4-AE0C-4872-B0AC-7D466F54D52A}
	EndGlobalSection
	GlobalSection(ExtensibilityGlobals) = postSolution
		SolutionGuid = {AF0907A3-C78A-4EDC-848C-69DB1B736016}
	EndGlobalSection
EndGlobal
